
Microsoft Visual Studio Solution File, Format Version 12.00
# Visual Studio Version 17
VisualStudioVersion = 17.4.33110.190
MinimumVisualStudioVersion = 10.0.40219.1
Project("{FAE04EC0-301F-11D3-BF4B-00C04F79EFBC}") = "TelaCadastro", "TelaCadastro\TelaCadastro.csproj", "{3D045393-9296-4E21-99C3-6D7C385E9D45}"
EndProject
Global
	GlobalSection(SolutionConfigurationPlatforms) = preSolution
		Debug|Any CPU = Debug|Any CPU
		Release|Any CPU = Release|Any CPU
	EndGlobalSection
	GlobalSection(ProjectConfigurationPlatforms) = postSolution
		{3D045393-9296-4E21-99C3-6D7C385E9D45}.Debug|Any CPU.ActiveCfg = Debug|Any CPU
		{3D045393-9296-4E21-99C3-6D7C385E9D45}.Debug|Any CPU.Build.0 = Debug|Any CPU
		{3D045393-9296-4E21-99C3-6D7C385E9D45}.Release|Any CPU.ActiveCfg = Release|Any CPU
		{3D045393-9296-4E21-99C3-6D7C385E9D45}.Release|Any CPU.Build.0 = Release|Any CPU
	EndGlobalSection
	GlobalSection(SolutionProperties) = preSolution
		HideSolutionNode = FALSE
	EndGlobalSection
	GlobalSection(ExtensibilityGlobals) = postSolution
		SolutionGuid = {E79B8473-F7C5-44B8-A877-EC6C90E05E0C}
	EndGlobalSection
EndGlobal
